<?xml version="1.0" encoding="utf-8"?>
<Project ToolsVersion="4.0" xmlns="http://schemas.microsoft.com/developer/msbuild/2003">
  <ItemGroup>
    <Filter Include="Source Files">
      <UniqueIdentifier>{4FC737F1-C7A5-4376-A066-2A32D752A2FF}</UniqueIdentifier>
      <Extensions>cpp;c;cc;cxx;def;odl;idl;hpj;bat;asm;asmx</Extensions>
    </Filter>
    <Filter Include="Header Files">
      <UniqueIdentifier>{93995380-89BD-4b04-88EB-625FBE52EBFB}</UniqueIdentifier>
      <Extensions>h;hpp;hxx;hm;inl;inc;xsd</Extensions>
    </Filter>
    <Filter Include="Resource Files">
      <UniqueIdentifier>{67DA6AB6-F800-4c08-8B7A-83BB121AAD01}</UniqueIdentifier>
      <Extensions>rc;ico;cur;bmp;dlg;rc2;rct;bin;rgs;gif;jpg;jpeg;jpe;resx;tiff;tif;png;wav</Extensions>
    </Filter>
  </ItemGroup>
  <ItemGroup>
    <ClCompile Include="consoles\XVRemoteWindowX.cc">
      <Filter>Source Files</Filter>
    </ClCompile>
    <ClCompile Include="consoles\XVWindowX.cc">
      <Filter>Source Files</Filter>
    </ClCompile>
    <ClCompile Include="consoles\test\interTest.cc">
      <Filter>Source Files</Filter>
    </ClCompile>
    <ClCompile Include="consoles\test\test_consoles.cc">
      <Filter>Source Files</Filter>
    </ClCompile>
    <ClCompile Include="devices\DV1394.cc">
      <Filter>Source Files</Filter>
    </ClCompile>
    <ClCompile Include="devices\DVFrame.cc">
      <Filter>Source Files</Filter>
    </ClCompile>
    <ClCompile Include="devices\Meteor.cc">
      <Filter>Source Files</Filter>
    </ClCompile>
    <ClCompile Include="devices\MRT.cc">
      <Filter>Source Files</Filter>
    </ClCompile>
    <ClCompile Include="devices\StereoVidere.cc">
      <Filter>Source Files</Filter>
    </ClCompile>
    <ClCompile Include="devices\VideoManager.cc">
      <Filter>Source Files</Filter>
    </ClCompile>
    <ClCompile Include="devices\Videre.cc">
      <Filter>Source Files</Filter>
    </ClCompile>
    <ClCompile Include="devices\XVAVI.cc">
      <Filter>Source Files</Filter>
    </ClCompile>
    <ClCompile Include="devices\XVBt8x8.cc">
      <Filter>Source Files</Filter>
    </ClCompile>
    <ClCompile Include="devices\XVDig.cc">
      <Filter>Source Files</Filter>
    </ClCompile>
    <ClCompile Include="devices\XVDig1394_v1.cc">
      <Filter>Source Files</Filter>
    </ClCompile>
    <ClCompile Include="devices\XVDig1394_v2.cc">
      <Filter>Source Files</Filter>
    </ClCompile>
    <ClCompile Include="devices\XVFlea2G.cc">
      <Filter>Source Files</Filter>
    </ClCompile>
    <ClCompile Include="devices\XVImageSeq.cc">
      <Filter>Source Files</Filter>
    </ClCompile>
    <ClCompile Include="devices\XVMpeg.cc">
      <Filter>Source Files</Filter>
    </ClCompile>
    <ClCompile Include="devices\XVPv.cc">
      <Filter>Source Files</Filter>
    </ClCompile>
    <ClCompile Include="devices\XVPwc.cc">
      <Filter>Source Files</Filter>
    </ClCompile>
    <ClCompile Include="devices\XVV4L2.cc">
      <Filter>Source Files</Filter>
    </ClCompile>
    <ClCompile Include="devices\XVVideo.cc">
      <Filter>Source Files</Filter>
    </ClCompile>
    <ClCompile Include="devices\matlab\grab_analog.cc">
      <Filter>Source Files</Filter>
    </ClCompile>
    <ClCompile Include="devices\matlab\grab_digit.cc">
      <Filter>Source Files</Filter>
    </ClCompile>
    <ClCompile Include="devices\matlab\grab_videre.cc">
      <Filter>Source Files</Filter>
    </ClCompile>
    <ClCompile Include="drivers\jpeg-6b\ansi2knr.c">
      <Filter>Source Files</Filter>
    </ClCompile>
    <ClCompile Include="drivers\jpeg-6b\cdjpeg.c">
      <Filter>Source Files</Filter>
    </ClCompile>
    <ClCompile Include="drivers\jpeg-6b\cjpeg.c">
      <Filter>Source Files</Filter>
    </ClCompile>
    <ClCompile Include="drivers\jpeg-6b\ckconfig.c">
      <Filter>Source Files</Filter>
    </ClCompile>
    <ClCompile Include="drivers\jpeg-6b\djpeg.c">
      <Filter>Source Files</Filter>
    </ClCompile>
    <ClCompile Include="drivers\jpeg-6b\jcapimin.c">
      <Filter>Source Files</Filter>
    </ClCompile>
    <ClCompile Include="drivers\jpeg-6b\jcapistd.c">
      <Filter>Source Files</Filter>
    </ClCompile>
    <ClCompile Include="drivers\jpeg-6b\jccoefct.c">
      <Filter>Source Files</Filter>
    </ClCompile>
    <ClCompile Include="drivers\jpeg-6b\jccolor.c">
      <Filter>Source Files</Filter>
    </ClCompile>
    <ClCompile Include="drivers\jpeg-6b\jcdctmgr.c">
      <Filter>Source Files</Filter>
    </ClCompile>
    <ClCompile Include="drivers\jpeg-6b\jchuff.c">
      <Filter>Source Files</Filter>
    </ClCompile>
    <ClCompile Include="drivers\jpeg-6b\jcinit.c">
      <Filter>Source Files</Filter>
    </ClCompile>
    <ClCompile Include="drivers\jpeg-6b\jcmainct.c">
      <Filter>Source Files</Filter>
    </ClCompile>
    <ClCompile Include="drivers\jpeg-6b\jcmarker.c">
      <Filter>Source Files</Filter>
    </ClCompile>
    <ClCompile Include="drivers\jpeg-6b\jcmaster.c">
      <Filter>Source Files</Filter>
    </ClCompile>
    <ClCompile Include="drivers\jpeg-6b\jcomapi.c">
      <Filter>Source Files</Filter>
    </ClCompile>
    <ClCompile Include="drivers\jpeg-6b\jcparam.c">
      <Filter>Source Files</Filter>
    </ClCompile>
    <ClCompile Include="drivers\jpeg-6b\jcphuff.c">
      <Filter>Source Files</Filter>
    </ClCompile>
    <ClCompile Include="drivers\jpeg-6b\jcprepct.c">
      <Filter>Source Files</Filter>
    </ClCompile>
    <ClCompile Include="drivers\jpeg-6b\jcsample.c">
      <Filter>Source Files</Filter>
    </ClCompile>
    <ClCompile Include="drivers\jpeg-6b\jctrans.c">
      <Filter>Source Files</Filter>
    </ClCompile>
    <ClCompile Include="drivers\jpeg-6b\jdapimin.c">
      <Filter>Source Files</Filter>
    </ClCompile>
    <ClCompile Include="drivers\jpeg-6b\jdapistd.c">
      <Filter>Source Files</Filter>
    </ClCompile>
    <ClCompile Include="drivers\jpeg-6b\jdatadst.c">
      <Filter>Source Files</Filter>
    </ClCompile>
    <ClCompile Include="drivers\jpeg-6b\jdatasrc.c">
      <Filter>Source Files</Filter>
    </ClCompile>
    <ClCompile Include="drivers\jpeg-6b\jdcoefct.c">
      <Filter>Source Files</Filter>
    </ClCompile>
    <ClCompile Include="drivers\jpeg-6b\jdcolor.c">
      <Filter>Source Files</Filter>
    </ClCompile>
    <ClCompile Include="drivers\jpeg-6b\jddctmgr.c">
      <Filter>Source Files</Filter>
    </ClCompile>
    <ClCompile Include="drivers\jpeg-6b\jdhuff.c">
      <Filter>Source Files</Filter>
    </ClCompile>
    <ClCompile Include="drivers\jpeg-6b\jdinput.c">
      <Filter>Source Files</Filter>
    </ClCompile>
    <ClCompile Include="drivers\jpeg-6b\jdmainct.c">
      <Filter>Source Files</Filter>
    </ClCompile>
    <ClCompile Include="drivers\jpeg-6b\jdmarker.c">
      <Filter>Source Files</Filter>
    </ClCompile>
    <ClCompile Include="drivers\jpeg-6b\jdmaster.c">
      <Filter>Source Files</Filter>
    </ClCompile>
    <ClCompile Include="drivers\jpeg-6b\jdmerge.c">
      <Filter>Source Files</Filter>
    </ClCompile>
    <ClCompile Include="drivers\jpeg-6b\jdphuff.c">
      <Filter>Source Files</Filter>
    </ClCompile>
    <ClCompile Include="drivers\jpeg-6b\jdpostct.c">
      <Filter>Source Files</Filter>
    </ClCompile>
    <ClCompile Include="drivers\jpeg-6b\jdsample.c">
      <Filter>Source Files</Filter>
    </ClCompile>
    <ClCompile Include="drivers\jpeg-6b\jdtrans.c">
      <Filter>Source Files</Filter>
    </ClCompile>
    <ClCompile Include="drivers\jpeg-6b\jerror.c">
      <Filter>Source Files</Filter>
    </ClCompile>
    <ClCompile Include="drivers\jpeg-6b\jfdctflt.c">
      <Filter>Source Files</Filter>
    </ClCompile>
    <ClCompile Include="drivers\jpeg-6b\jfdctfst.c">
      <Filter>Source Files</Filter>
    </ClCompile>
    <ClCompile Include="drivers\jpeg-6b\jfdctint.c">
      <Filter>Source Files</Filter>
    </ClCompile>
    <ClCompile Include="drivers\jpeg-6b\jidctflt.c">
      <Filter>Source Files</Filter>
    </ClCompile>
    <ClCompile Include="drivers\jpeg-6b\jidctfst.c">
      <Filter>Source Files</Filter>
    </ClCompile>
    <ClCompile Include="drivers\jpeg-6b\jidctint.c">
      <Filter>Source Files</Filter>
    </ClCompile>
    <ClCompile Include="drivers\jpeg-6b\jidctred.c">
      <Filter>Source Files</Filter>
    </ClCompile>
    <ClCompile Include="drivers\jpeg-6b\jmemansi.c">
      <Filter>Source Files</Filter>
    </ClCompile>
    <ClCompile Include="drivers\jpeg-6b\jmemdos.c">
      <Filter>Source Files</Filter>
    </ClCompile>
    <ClCompile Include="drivers\jpeg-6b\jmemmac.c">
      <Filter>Source Files</Filter>
    </ClCompile>
    <ClCompile Include="drivers\jpeg-6b\jmemmgr.c">
      <Filter>Source Files</Filter>
    </ClCompile>
    <ClCompile Include="drivers\jpeg-6b\jmemname.c">
      <Filter>Source Files</Filter>
    </ClCompile>
    <ClCompile Include="drivers\jpeg-6b\jmemnobs.c">
      <Filter>Source Files</Filter>
    </ClCompile>
    <ClCompile Include="drivers\jpeg-6b\jpegtran.c">
      <Filter>Source Files</Filter>
    </ClCompile>
    <ClCompile Include="drivers\jpeg-6b\jquant1.c">
      <Filter>Source Files</Filter>
    </ClCompile>
    <ClCompile Include="drivers\jpeg-6b\jquant2.c">
      <Filter>Source Files</Filter>
    </ClCompile>
    <ClCompile Include="drivers\jpeg-6b\jutils.c">
      <Filter>Source Files</Filter>
    </ClCompile>
    <ClCompile Include="drivers\jpeg-6b\rdbmp.c">
      <Filter>Source Files</Filter>
    </ClCompile>
    <ClCompile Include="drivers\jpeg-6b\rdcolmap.c">
      <Filter>Source Files</Filter>
    </ClCompile>
    <ClCompile Include="drivers\jpeg-6b\rdgif.c">
      <Filter>Source Files</Filter>
    </ClCompile>
    <ClCompile Include="drivers\jpeg-6b\rdjpgcom.c">
      <Filter>Source Files</Filter>
    </ClCompile>
    <ClCompile Include="drivers\jpeg-6b\rdppm.c">
      <Filter>Source Files</Filter>
    </ClCompile>
    <ClCompile Include="drivers\jpeg-6b\rdrle.c">
      <Filter>Source Files</Filter>
    </ClCompile>
    <ClCompile Include="drivers\jpeg-6b\rdswitch.c">
      <Filter>Source Files</Filter>
    </ClCompile>
    <ClCompile Include="drivers\jpeg-6b\rdtarga.c">
      <Filter>Source Files</Filter>
    </ClCompile>
    <ClCompile Include="drivers\jpeg-6b\testj.c">
      <Filter>Source Files</Filter>
    </ClCompile>
    <ClCompile Include="drivers\jpeg-6b\transupp.c">
      <Filter>Source Files</Filter>
    </ClCompile>
    <ClCompile Include="drivers\jpeg-6b\wrbmp.c">
      <Filter>Source Files</Filter>
    </ClCompile>
    <ClCompile Include="drivers\jpeg-6b\wrgif.c">
      <Filter>Source Files</Filter>
    </ClCompile>
    <ClCompile Include="drivers\jpeg-6b\wrjpgcom.c">
      <Filter>Source Files</Filter>
    </ClCompile>
    <ClCompile Include="drivers\jpeg-6b\wrppm.c">
      <Filter>Source Files</Filter>
    </ClCompile>
    <ClCompile Include="drivers\jpeg-6b\wrrle.c">
      <Filter>Source Files</Filter>
    </ClCompile>
    <ClCompile Include="drivers\jpeg-6b\wrtarga.c">
      <Filter>Source Files</Filter>
    </ClCompile>
    <ClCompile Include="drivers\libdv\bitstream.c">
      <Filter>Source Files</Filter>
    </ClCompile>
    <ClCompile Include="drivers\libdv\dct.c">
      <Filter>Source Files</Filter>
    </ClCompile>
    <ClCompile Include="drivers\libdv\dovlc.c">
      <Filter>Source Files</Filter>
    </ClCompile>
    <ClCompile Include="drivers\libdv\encode.c">
      <Filter>Source Files</Filter>
    </ClCompile>
    <ClCompile Include="drivers\libdv\gasmoff.c">
      <Filter>Source Files</Filter>
    </ClCompile>
    <ClCompile Include="drivers\libdv\idct_248.c">
      <Filter>Source Files</Filter>
    </ClCompile>
    <ClCompile Include="drivers\libdv\parse.c">
      <Filter>Source Files</Filter>
    </ClCompile>
    <ClCompile Include="drivers\libdv\place.c">
      <Filter>Source Files</Filter>
    </ClCompile>
    <ClCompile Include="drivers\libdv\quant.c">
      <Filter>Source Files</Filter>
    </ClCompile>
    <ClCompile Include="drivers\libdv\testbitstream.c">
      <Filter>Source Files</Filter>
    </ClCompile>
    <ClCompile Include="drivers\libdv\testdct.c">
      <Filter>Source Files</Filter>
    </ClCompile>
    <ClCompile Include="drivers\libdv\testvlc.c">
      <Filter>Source Files</Filter>
    </ClCompile>
    <ClCompile Include="drivers\libdv\vlc.c">
      <Filter>Source Files</Filter>
    </ClCompile>
    <ClCompile Include="drivers\libdv\weighting.c">
      <Filter>Source Files</Filter>
    </ClCompile>
    <ClCompile Include="drivers\libdv\ycrcb_to_rgb32.c">
      <Filter>Source Files</Filter>
    </ClCompile>
    <ClCompile Include="drivers\meteor-1.5.4\meteor.c">
      <Filter>Source Files</Filter>
    </ClCompile>
    <ClCompile Include="drivers\meteor-1.5.4\examples\fgrab-0.8\fgrab_meteor-0.8.c">
      <Filter>Source Files</Filter>
    </ClCompile>
    <ClCompile Include="drivers\meteor-1.5.4\examples\fgrab-0.8\fgrab_tkAppInit.c">
      <Filter>Source Files</Filter>
    </ClCompile>
    <ClCompile Include="drivers\meteor-1.5.4\examples\mvid\mvid.c">
      <Filter>Source Files</Filter>
    </ClCompile>
    <ClCompile Include="drivers\meteor-1.5.4\examples\several\several.c">
      <Filter>Source Files</Filter>
    </ClCompile>
    <ClCompile Include="drivers\meteor-1.5.4\examples\single\mmap.c">
      <Filter>Source Files</Filter>
    </ClCompile>
    <ClCompile Include="drivers\meteor-1.5.4\examples\single\single.c">
      <Filter>Source Files</Filter>
    </ClCompile>
    <ClCompile Include="drivers\meteor-1.5.4\examples\snap-0.5\snap.c">
      <Filter>Source Files</Filter>
    </ClCompile>
    <ClCompile Include="drivers\meteor-1.5.4\examples\vu\vu.cc">
      <Filter>Source Files</Filter>
    </ClCompile>
    <ClCompile Include="drivers\meteor-1.5.4\examples\vu4-color\colorDisplay.c">
      <Filter>Source Files</Filter>
    </ClCompile>
    <ClCompile Include="drivers\meteor-1.5.4\examples\vu4-color\translate.c">
      <Filter>Source Files</Filter>
    </ClCompile>
    <ClCompile Include="drivers\meteor-1.5.4\examples\vu4-color\vu4-color.c">
      <Filter>Source Files</Filter>
    </ClCompile>
    <ClCompile Include="drivers\mpeg_lib-1.3.1\24bit.c">
      <Filter>Source Files</Filter>
    </ClCompile>
    <ClCompile Include="drivers\mpeg_lib-1.3.1\2x2.c">
      <Filter>Source Files</Filter>
    </ClCompile>
    <ClCompile Include="drivers\mpeg_lib-1.3.1\decoders.c">
      <Filter>Source Files</Filter>
    </ClCompile>
    <ClCompile Include="drivers\mpeg_lib-1.3.1\fs2.c">
      <Filter>Source Files</Filter>
    </ClCompile>
    <ClCompile Include="drivers\mpeg_lib-1.3.1\fs2fast.c">
      <Filter>Source Files</Filter>
    </ClCompile>
    <ClCompile Include="drivers\mpeg_lib-1.3.1\fs4.c">
      <Filter>Source Files</Filter>
    </ClCompile>
    <ClCompile Include="drivers\mpeg_lib-1.3.1\gdith.c">
      <Filter>Source Files</Filter>
    </ClCompile>
    <ClCompile Include="drivers\mpeg_lib-1.3.1\globals.c">
      <Filter>Source Files</Filter>
    </ClCompile>
    <ClCompile Include="drivers\mpeg_lib-1.3.1\gray.c">
      <Filter>Source Files</Filter>
    </ClCompile>
    <ClCompile Include="drivers\mpeg_lib-1.3.1\hybrid.c">
      <Filter>Source Files</Filter>
    </ClCompile>
    <ClCompile Include="drivers\mpeg_lib-1.3.1\hybriderr.c">
      <Filter>Source Files</Filter>
    </ClCompile>
    <ClCompile Include="drivers\mpeg_lib-1.3.1\jrevdct.c">
      <Filter>Source Files</Filter>
    </ClCompile>
    <ClCompile Include="drivers\mpeg_lib-1.3.1\mb_ordered.c">
      <Filter>Source Files</Filter>
    </ClCompile>
    <ClCompile Include="drivers\mpeg_lib-1.3.1\mono.c">
      <Filter>Source Files</Filter>
    </ClCompile>
    <ClCompile Include="drivers\mpeg_lib-1.3.1\motionvector.c">
      <Filter>Source Files</Filter>
    </ClCompile>
    <ClCompile Include="drivers\mpeg_lib-1.3.1\ordered.c">
      <Filter>Source Files</Filter>
    </ClCompile>
    <ClCompile Include="drivers\mpeg_lib-1.3.1\ordered2.c">
      <Filter>Source Files</Filter>
    </ClCompile>
    <ClCompile Include="drivers\mpeg_lib-1.3.1\parseblock.c">
      <Filter>Source Files</Filter>
    </ClCompile>
    <ClCompile Include="drivers\mpeg_lib-1.3.1\util.c">
      <Filter>Source Files</Filter>
    </ClCompile>
    <ClCompile Include="drivers\mpeg_lib-1.3.1\video.c">
      <Filter>Source Files</Filter>
    </ClCompile>
    <ClCompile Include="drivers\mpeg_lib-1.3.1\wrapper.c">
      <Filter>Source Files</Filter>
    </ClCompile>
    <ClCompile Include="drivers\tiff-v3.5.5\fax3sm_winnt.c">
      <Filter>Source Files</Filter>
    </ClCompile>
    <ClCompile Include="drivers\tiff-v3.5.5\mkspans.c">
      <Filter>Source Files</Filter>
    </ClCompile>
    <ClCompile Include="drivers\tiff-v3.5.5\tif_acorn.c">
      <Filter>Source Files</Filter>
    </ClCompile>
    <ClCompile Include="drivers\tiff-v3.5.5\tif_apple.c">
      <Filter>Source Files</Filter>
    </ClCompile>
    <ClCompile Include="drivers\tiff-v3.5.5\tif_atari.c">
      <Filter>Source Files</Filter>
    </ClCompile>
    <ClCompile Include="drivers\tiff-v3.5.5\tif_aux.c">
      <Filter>Source Files</Filter>
    </ClCompile>
    <ClCompile Include="drivers\tiff-v3.5.5\tif_close.c">
      <Filter>Source Files</Filter>
    </ClCompile>
    <ClCompile Include="drivers\tiff-v3.5.5\tif_codec.c">
      <Filter>Source Files</Filter>
    </ClCompile>
    <ClCompile Include="drivers\tiff-v3.5.5\tif_compress.c">
      <Filter>Source Files</Filter>
    </ClCompile>
    <ClCompile Include="drivers\tiff-v3.5.5\tif_dir.c">
      <Filter>Source Files</Filter>
    </ClCompile>
    <ClCompile Include="drivers\tiff-v3.5.5\tif_dirinfo.c">
      <Filter>Source Files</Filter>
    </ClCompile>
    <ClCompile Include="drivers\tiff-v3.5.5\tif_dirread.c">
      <Filter>Source Files</Filter>
    </ClCompile>
    <ClCompile Include="drivers\tiff-v3.5.5\tif_dirwrite.c">
      <Filter>Source Files</Filter>
    </ClCompile>
    <ClCompile Include="drivers\tiff-v3.5.5\tif_dumpmode.c">
      <Filter>Source Files</Filter>
    </ClCompile>
    <ClCompile Include="drivers\tiff-v3.5.5\tif_error.c">
      <Filter>Source Files</Filter>
    </ClCompile>
    <ClCompile Include="drivers\tiff-v3.5.5\tif_fax3.c">
      <Filter>Source Files</Filter>
    </ClCompile>
    <ClCompile Include="drivers\tiff-v3.5.5\tif_flush.c">
      <Filter>Source Files</Filter>
    </ClCompile>
    <ClCompile Include="drivers\tiff-v3.5.5\tif_getimage.c">
      <Filter>Source Files</Filter>
    </ClCompile>
    <ClCompile Include="drivers\tiff-v3.5.5\tif_jpeg.c">
      <Filter>Source Files</Filter>
    </ClCompile>
    <ClCompile Include="drivers\tiff-v3.5.5\tif_luv.c">
      <Filter>Source Files</Filter>
    </ClCompile>
    <ClCompile Include="drivers\tiff-v3.5.5\tif_lzw.c">
      <Filter>Source Files</Filter>
    </ClCompile>
    <ClCompile Include="drivers\tiff-v3.5.5\tif_msdos.c">
      <Filter>Source Files</Filter>
    </ClCompile>
    <ClCompile Include="drivers\tiff-v3.5.5\tif_next.c">
      <Filter>Source Files</Filter>
    </ClCompile>
    <ClCompile Include="drivers\tiff-v3.5.5\tif_open.c">
      <Filter>Source Files</Filter>
    </ClCompile>
    <ClCompile Include="drivers\tiff-v3.5.5\tif_packbits.c">
      <Filter>Source Files</Filter>
    </ClCompile>
    <ClCompile Include="drivers\tiff-v3.5.5\tif_pixarlog.c">
      <Filter>Source Files</Filter>
    </ClCompile>
    <ClCompile Include="drivers\tiff-v3.5.5\tif_predict.c">
      <Filter>Source Files</Filter>
    </ClCompile>
    <ClCompile Include="drivers\tiff-v3.5.5\tif_print.c">
      <Filter>Source Files</Filter>
    </ClCompile>
    <ClCompile Include="drivers\tiff-v3.5.5\tif_read.c">
      <Filter>Source Files</Filter>
    </ClCompile>
    <ClCompile Include="drivers\tiff-v3.5.5\tif_strip.c">
      <Filter>Source Files</Filter>
    </ClCompile>
    <ClCompile Include="drivers\tiff-v3.5.5\tif_swab.c">
      <Filter>Source Files</Filter>
    </ClCompile>
    <ClCompile Include="drivers\tiff-v3.5.5\tif_thunder.c">
      <Filter>Source Files</Filter>
    </ClCompile>
    <ClCompile Include="drivers\tiff-v3.5.5\tif_tile.c">
      <Filter>Source Files</Filter>
    </ClCompile>
    <ClCompile Include="drivers\tiff-v3.5.5\tif_unix.c">
      <Filter>Source Files</Filter>
    </ClCompile>
    <ClCompile Include="drivers\tiff-v3.5.5\tif_version.c">
      <Filter>Source Files</Filter>
    </ClCompile>
    <ClCompile Include="drivers\tiff-v3.5.5\tif_vms.c">
      <Filter>Source Files</Filter>
    </ClCompile>
    <ClCompile Include="drivers\tiff-v3.5.5\tif_warning.c">
      <Filter>Source Files</Filter>
    </ClCompile>
    <ClCompile Include="drivers\tiff-v3.5.5\tif_win3.c">
      <Filter>Source Files</Filter>
    </ClCompile>
    <ClCompile Include="drivers\tiff-v3.5.5\tif_win32.c">
      <Filter>Source Files</Filter>
    </ClCompile>
    <ClCompile Include="drivers\tiff-v3.5.5\tif_write.c">
      <Filter>Source Files</Filter>
    </ClCompile>
    <ClCompile Include="drivers\tiff-v3.5.5\tif_zip.c">
      <Filter>Source Files</Filter>
    </ClCompile>
    <ClCompile Include="examples\boxfxtest\boxfxtest.cc">
      <Filter>Source Files</Filter>
    </ClCompile>
    <ClCompile Include="examples\color2\main.cc">
      <Filter>Source Files</Filter>
    </ClCompile>
    <ClCompile Include="examples\colorupdating\main.cc">
      <Filter>Source Files</Filter>
    </ClCompile>
    <ClCompile Include="examples\control_panel\main.cc">
      <Filter>Source Files</Filter>
    </ClCompile>
    <ClCompile Include="examples\convert\convert.cc">
      <Filter>Source Files</Filter>
    </ClCompile>
    <ClCompile Include="examples\convert\convert1.cc">
      <Filter>Source Files</Filter>
    </ClCompile>
    <ClCompile Include="examples\dispfile\main.cc">
      <Filter>Source Files</Filter>
    </ClCompile>
    <ClCompile Include="examples\filter\filter.cc">
      <Filter>Source Files</Filter>
    </ClCompile>
    <ClCompile Include="examples\gesture\Gesture.cc">
      <Filter>Source Files</Filter>
    </ClCompile>
    <ClCompile Include="examples\gesture\main.cc">
      <Filter>Source Files</Filter>
    </ClCompile>
    <ClCompile Include="examples\imgiotest\imageIOTest.cc">
      <Filter>Source Files</Filter>
    </ClCompile>
    <ClCompile Include="examples\interactivecolorselect\main.cc">
      <Filter>Source Files</Filter>
    </ClCompile>
    <ClCompile Include="examples\itertest\itest.cc">
      <Filter>Source Files</Filter>
    </ClCompile>
    <ClCompile Include="examples\main2\main2.cc">
      <Filter>Source Files</Filter>
    </ClCompile>
    <ClCompile Include="examples\operate\operate.cc">
      <Filter>Source Files</Filter>
    </ClCompile>
    <ClCompile Include="examples\play_avi\main.cc">
      <Filter>Source Files</Filter>
    </ClCompile>
    <ClCompile Include="examples\pong\main.cc">
      <Filter>Source Files</Filter>
    </ClCompile>
    <ClCompile Include="examples\pong\PongWindow.cc">
      <Filter>Source Files</Filter>
    </ClCompile>
    <ClCompile Include="examples\pong2\main.cc">
      <Filter>Source Files</Filter>
    </ClCompile>
    <ClCompile Include="examples\pong2\PongSelector.cc">
      <Filter>Source Files</Filter>
    </ClCompile>
    <ClCompile Include="examples\pong2\PongWindow.cc">
      <Filter>Source Files</Filter>
    </ClCompile>
    <ClCompile Include="examples\redres\redres.cc">
      <Filter>Source Files</Filter>
    </ClCompile>
    <ClCompile Include="examples\remote\main.cc">
      <Filter>Source Files</Filter>
    </ClCompile>
    <ClCompile Include="examples\showdig\main.cc">
      <Filter>Source Files</Filter>
    </ClCompile>
    <ClCompile Include="examples\showdisp\main.cc">
      <Filter>Source Files</Filter>
    </ClCompile>
    <ClCompile Include="examples\showdv\main.cc">
      <Filter>Source Files</Filter>
    </ClCompile>
    <ClCompile Include="examples\showlive\main.cc">
      <Filter>Source Files</Filter>
    </ClCompile>
    <ClCompile Include="examples\showpv\main.cc">
      <Filter>Source Files</Filter>
    </ClCompile>
    <ClCompile Include="examples\showpwc\main.cc">
      <Filter>Source Files</Filter>
    </ClCompile>
    <ClCompile Include="examples\show_v4l\main.cc">
      <Filter>Source Files</Filter>
    </ClCompile>
    <ClCompile Include="examples\stream_stereo\main.cc">
      <Filter>Source Files</Filter>
    </ClCompile>
    <ClCompile Include="examples\stream_stereo_color\main.cc">
      <Filter>Source Files</Filter>
    </ClCompile>
    <ClCompile Include="examples\testing\main.cc">
      <Filter>Source Files</Filter>
    </ClCompile>
    <ClCompile Include="examples\tracking\colorTracker.cc">
      <Filter>Source Files</Filter>
    </ClCompile>
    <ClCompile Include="examples\tracking\edgeTracker.cc">
      <Filter>Source Files</Filter>
    </ClCompile>
    <ClCompile Include="examples\tracking\ssdTracker.cc">
      <Filter>Source Files</Filter>
    </ClCompile>
    <ClCompile Include="examples\tracking\ssdTracker_1.cc">
      <Filter>Source Files</Filter>
    </ClCompile>
    <ClCompile Include="examples\tracking\ssdTracker_mod.cc">
      <Filter>Source Files</Filter>
    </ClCompile>
    <ClCompile Include="examples\tracking\ssdTracker_orig.cc">
      <Filter>Source Files</Filter>
    </ClCompile>
    <ClCompile Include="examples\transform\assigntest.cc">
      <Filter>Source Files</Filter>
    </ClCompile>
    <ClCompile Include="examples\transform\nowindow.cc">
      <Filter>Source Files</Filter>
    </ClCompile>
    <ClCompile Include="examples\transform\prog.cc">
      <Filter>Source Files</Filter>
    </ClCompile>
    <ClCompile Include="examples\transform\transform.cc">
      <Filter>Source Files</Filter>
    </ClCompile>
    <ClCompile Include="examples\warp\affinewarp.cc">
      <Filter>Source Files</Filter>
    </ClCompile>
    <ClCompile Include="examples\warp\omniwarp.cc">
      <Filter>Source Files</Filter>
    </ClCompile>
    <ClCompile Include="examples\warp\planewarp.cc">
      <Filter>Source Files</Filter>
    </ClCompile>
    <ClCompile Include="examples\xcalc\HCISelector.cc">
      <Filter>Source Files</Filter>
    </ClCompile>
    <ClCompile Include="examples\xcalc\HCIWindow.cc">
      <Filter>Source Files</Filter>
    </ClCompile>
    <ClCompile Include="examples\xcalc\main.cc">
      <Filter>Source Files</Filter>
    </ClCompile>
    <ClCompile Include="examples\xgest\Gesture.cc">
      <Filter>Source Files</Filter>
    </ClCompile>
    <ClCompile Include="examples\xgest\HCISelector.cc">
      <Filter>Source Files</Filter>
    </ClCompile>
    <ClCompile Include="examples\xgest\HCIWindow.cc">
      <Filter>Source Files</Filter>
    </ClCompile>
    <ClCompile Include="examples\xgest\main.cc">
      <Filter>Source Files</Filter>
    </ClCompile>
    <ClCompile Include="examples\xman\Gesture.cc">
      <Filter>Source Files</Filter>
    </ClCompile>
    <ClCompile Include="examples\xman\HCIWindow.cc">
      <Filter>Source Files</Filter>
    </ClCompile>
    <ClCompile Include="examples\xman\main.cc">
      <Filter>Source Files</Filter>
    </ClCompile>
    <ClCompile Include="frp\Behavior.cc">
      <Filter>Source Files</Filter>
    </ClCompile>
    <ClCompile Include="frp\Collectable.cc">
      <Filter>Source Files</Filter>
    </ClCompile>
    <ClCompile Include="frp\Event.cc">
      <Filter>Source Files</Filter>
    </ClCompile>
    <ClCompile Include="frp\Image.cc">
      <Filter>Source Files</Filter>
    </ClCompile>
    <ClCompile Include="frp\ITest.cc">
      <Filter>Source Files</Filter>
    </ClCompile>
    <ClCompile Include="frp\Scout.cc">
      <Filter>Source Files</Filter>
    </ClCompile>
    <ClCompile Include="frp\Task.cc">
      <Filter>Source Files</Filter>
    </ClCompile>
    <ClCompile Include="frp\Track.cc">
      <Filter>Source Files</Filter>
    </ClCompile>
    <ClCompile Include="frp\Nclient.c">
      <Filter>Source Files</Filter>
    </ClCompile>
    <ClCompile Include="frp\test\ATest.cc">
      <Filter>Source Files</Filter>
    </ClCompile>
    <ClCompile Include="frp\test\BTest.cc">
      <Filter>Source Files</Filter>
    </ClCompile>
    <ClCompile Include="frp\test\ITest.cc">
      <Filter>Source Files</Filter>
    </ClCompile>
    <ClCompile Include="frp\test\RTest.cc">
      <Filter>Source Files</Filter>
    </ClCompile>
    <ClCompile Include="images\XVImageBase.cpp">
      <Filter>Source Files</Filter>
    </ClCompile>
    <ClCompile Include="images\XVColorBase.cc">
      <Filter>Source Files</Filter>
    </ClCompile>
    <ClCompile Include="images\XVImageBase.cc">
      <Filter>Source Files</Filter>
    </ClCompile>
    <ClCompile Include="images\XVImageHSV.cc">
      <Filter>Source Files</Filter>
    </ClCompile>
    <ClCompile Include="images\XVImageRGB.cc">
      <Filter>Source Files</Filter>
    </ClCompile>
    <ClCompile Include="images\XVImageScalar.cc">
      <Filter>Source Files</Filter>
    </ClCompile>
    <ClCompile Include="images\XVImageYCbCr.cc">
      <Filter>Source Files</Filter>
    </ClCompile>
    <ClCompile Include="images\XVImageYUV.cc">
      <Filter>Source Files</Filter>
    </ClCompile>
    <ClCompile Include="images\XVImageYUV422.cc">
      <Filter>Source Files</Filter>
    </ClCompile>
    <ClCompile Include="images\XVMaskedImage.cc">
      <Filter>Source Files</Filter>
    </ClCompile>
    <ClCompile Include="images\XVPixel.cc">
      <Filter>Source Files</Filter>
    </ClCompile>
    <ClCompile Include="images\test\convertTest.cc">
      <Filter>Source Files</Filter>
    </ClCompile>
    <ClCompile Include="images\test\copyTest.cc">
      <Filter>Source Files</Filter>
    </ClCompile>
    <ClCompile Include="images\test\gaussTest.cc">
      <Filter>Source Files</Filter>
    </ClCompile>
    <ClCompile Include="images\test\maskedTest.cc">
      <Filter>Source Files</Filter>
    </ClCompile>
    <ClCompile Include="images\test\pngTest.cc">
      <Filter>Source Files</Filter>
    </ClCompile>
    <ClCompile Include="images\test\rowTest.cc">
      <Filter>Source Files</Filter>
    </ClCompile>
    <ClCompile Include="segmentation\XVColorSeg.cc">
      <Filter>Source Files</Filter>
    </ClCompile>
    <ClCompile Include="segmentation\XVMotionSeg.cc">
      <Filter>Source Files</Filter>
    </ClCompile>
    <ClCompile Include="segmentation\XVScalarSeg.cc">
      <Filter>Source Files</Filter>
    </ClCompile>
    <ClCompile Include="segmentation\XVSegmentation.cc">
      <Filter>Source Files</Filter>
    </ClCompile>
    <ClCompile Include="segmentation\test\hueTest.cc">
      <Filter>Source Files</Filter>
    </ClCompile>
    <ClCompile Include="segmentation\test\rangeTest.cc">
      <Filter>Source Files</Filter>
    </ClCompile>
    <ClCompile Include="tools\sd.cc">
      <Filter>Source Files</Filter>
    </ClCompile>
    <ClCompile Include="tools\XVAffineWarp.cc">
      <Filter>Source Files</Filter>
    </ClCompile>
    <ClCompile Include="tools\XVGeometry.cc">
      <Filter>Source Files</Filter>
    </ClCompile>
    <ClCompile Include="tools\XVLookupTable.cc">
      <Filter>Source Files</Filter>
    </ClCompile>
    <ClCompile Include="tools\XVMatrix.cc">
      <Filter>Source Files</Filter>
    </ClCompile>
    <ClCompile Include="tools\XVOmniWarper.cc">
      <Filter>Source Files</Filter>
    </ClCompile>
    <ClCompile Include="tools\XVStereoRectify.cc">
      <Filter>Source Files</Filter>
    </ClCompile>
    <ClCompile Include="tools\test\crop.cc">
      <Filter>Source Files</Filter>
    </ClCompile>
    <ClCompile Include="tools\test\test_tools.cc">
      <Filter>Source Files</Filter>
    </ClCompile>
    <ClCompile Include="tracking\XVGroupTracker.cc">
      <Filter>Source Files</Filter>
    </ClCompile>
    <ClCompile Include="tracking\XVTracker.cc">
      <Filter>Source Files</Filter>
    </ClCompile>
    <ClCompile Include="tracking\blobs\XVBlobFeature.cc">
      <Filter>Source Files</Filter>
    </ClCompile>
    <ClCompile Include="tracking\edges\XVEdgeFeature.cc">
      <Filter>Source Files</Filter>
    </ClCompile>
    <ClCompile Include="tracking\edges\XVPattern.cc">
      <Filter>Source Files</Filter>
    </ClCompile>
    <ClCompile Include="tracking\ssd\XVSSD.cc">
      <Filter>Source Files</Filter>
    </ClCompile>
    <ClCompile Include="tracking\test\main.cc">
      <Filter>Source Files</Filter>
    </ClCompile>
    <ClCompile Include="tracking\test\SSDtest.cc">
      <Filter>Source Files</Filter>
    </ClCompile>
  </ItemGroup>
  <ItemGroup>
    <ClInclude Include="consoles\XVDrawable.h">
      <Filter>Header Files</Filter>
    </ClInclude>
    <ClInclude Include="consoles\XVInteractive.h">
      <Filter>Header Files</Filter>
    </ClInclude>
    <ClInclude Include="consoles\XVRemoteWindowX.h">
      <Filter>Header Files</Filter>
    </ClInclude>
    <ClInclude Include="consoles\XVWindow.h">
      <Filter>Header Files</Filter>
    </ClInclude>
    <ClInclude Include="consoles\XVWindowX.h">
      <Filter>Header Files</Filter>
    </ClInclude>
    <ClInclude Include="devices\bt819.h">
      <Filter>Header Files</Filter>
    </ClInclude>
    <ClInclude Include="devices\DV1394.h">
      <Filter>Header Files</Filter>
    </ClInclude>
    <ClInclude Include="devices\DVFrame.h">
      <Filter>Header Files</Filter>
    </ClInclude>
    <ClInclude Include="devices\ieee1394-ioctl.h">
      <Filter>Header Files</Filter>
    </ClInclude>
    <ClInclude Include="devices\Meteor.h">
      <Filter>Header Files</Filter>
    </ClInclude>
    <ClInclude Include="devices\Mrt.h">
      <Filter>Header Files</Filter>
    </ClInclude>
    <ClInclude Include="devices\mrt_cs.h">
      <Filter>Header Files</Filter>
    </ClInclude>
    <ClInclude Include="devices\pwc-ioctl.h">
      <Filter>Header Files</Filter>
    </ClInclude>
    <ClInclude Include="devices\StereoVidere.h">
      <Filter>Header Files</Filter>
    </ClInclude>
    <ClInclude Include="devices\video1394.h">
      <Filter>Header Files</Filter>
    </ClInclude>
    <ClInclude Include="devices\VideoManager.h">
      <Filter>Header Files</Filter>
    </ClInclude>
    <ClInclude Include="devices\Videre.h">
      <Filter>Header Files</Filter>
    </ClInclude>
    <ClInclude Include="devices\XVAVI.h">
      <Filter>Header Files</Filter>
    </ClInclude>
    <ClInclude Include="devices\XVBt8x8.h">
      <Filter>Header Files</Filter>
    </ClInclude>
    <ClInclude Include="devices\XVDig.h">
      <Filter>Header Files</Filter>
    </ClInclude>
    <ClInclude Include="devices\XVDig1394_v1.h">
      <Filter>Header Files</Filter>
    </ClInclude>
    <ClInclude Include="devices\XVDig1394_v2.h">
      <Filter>Header Files</Filter>
    </ClInclude>
    <ClInclude Include="devices\XVFlea2G.h">
      <Filter>Header Files</Filter>
    </ClInclude>
    <ClInclude Include="devices\XVImageSeq.h">
      <Filter>Header Files</Filter>
    </ClInclude>
    <ClInclude Include="devices\XVMpeg.h">
      <Filter>Header Files</Filter>
    </ClInclude>
    <ClInclude Include="devices\XVPv.h">
      <Filter>Header Files</Filter>
    </ClInclude>
    <ClInclude Include="devices\XVPwc.h">
      <Filter>Header Files</Filter>
    </ClInclude>
    <ClInclude Include="devices\XVV4L2.h">
      <Filter>Header Files</Filter>
    </ClInclude>
    <ClInclude Include="devices\XVVideo.h">
      <Filter>Header Files</Filter>
    </ClInclude>
    <ClInclude Include="drivers\jpeg-6b\cderror.h">
      <Filter>Header Files</Filter>
    </ClInclude>
    <ClInclude Include="drivers\jpeg-6b\cdjpeg.h">
      <Filter>Header Files</Filter>
    </ClInclude>
    <ClInclude Include="drivers\jpeg-6b\jchuff.h">
      <Filter>Header Files</Filter>
    </ClInclude>
    <ClInclude Include="drivers\jpeg-6b\jconfig.h">
      <Filter>Header Files</Filter>
    </ClInclude>
    <ClInclude Include="drivers\jpeg-6b\jdct.h">
      <Filter>Header Files</Filter>
    </ClInclude>
    <ClInclude Include="drivers\jpeg-6b\jdhuff.h">
      <Filter>Header Files</Filter>
    </ClInclude>
    <ClInclude Include="drivers\jpeg-6b\jerror.h">
      <Filter>Header Files</Filter>
    </ClInclude>
    <ClInclude Include="drivers\jpeg-6b\jinclude.h">
      <Filter>Header Files</Filter>
    </ClInclude>
    <ClInclude Include="drivers\jpeg-6b\jmemsys.h">
      <Filter>Header Files</Filter>
    </ClInclude>
    <ClInclude Include="drivers\jpeg-6b\jmorecfg.h">
      <Filter>Header Files</Filter>
    </ClInclude>
    <ClInclude Include="drivers\jpeg-6b\jpegint.h">
      <Filter>Header Files</Filter>
    </ClInclude>
    <ClInclude Include="drivers\jpeg-6b\jpeglib.h">
      <Filter>Header Files</Filter>
    </ClInclude>
    <ClInclude Include="drivers\jpeg-6b\jversion.h">
      <Filter>Header Files</Filter>
    </ClInclude>
    <ClInclude Include="drivers\jpeg-6b\transupp.h">
      <Filter>Header Files</Filter>
    </ClInclude>
    <ClInclude Include="drivers\libdv\bitstream.h">
      <Filter>Header Files</Filter>
    </ClInclude>
    <ClInclude Include="drivers\libdv\dct.h">
      <Filter>Header Files</Filter>
    </ClInclude>
    <ClInclude Include="drivers\libdv\dv.h">
      <Filter>Header Files</Filter>
    </ClInclude>
    <ClInclude Include="drivers\libdv\idct_248.h">
      <Filter>Header Files</Filter>
    </ClInclude>
    <ClInclude Include="drivers\libdv\mmx.h">
      <Filter>Header Files</Filter>
    </ClInclude>
    <ClInclude Include="drivers\libdv\parse.h">
      <Filter>Header Files</Filter>
    </ClInclude>
    <ClInclude Include="drivers\libdv\place.h">
      <Filter>Header Files</Filter>
    </ClInclude>
    <ClInclude Include="drivers\libdv\quant.h">
      <Filter>Header Files</Filter>
    </ClInclude>
    <ClInclude Include="drivers\libdv\vlc.h">
      <Filter>Header Files</Filter>
    </ClInclude>
    <ClInclude Include="drivers\libdv\weighting.h">
      <Filter>Header Files</Filter>
    </ClInclude>
    <ClInclude Include="drivers\libdv\ycrcb_to_rgb32.h">
      <Filter>Header Files</Filter>
    </ClInclude>
    <ClInclude Include="drivers\meteor-1.5.4\ioctl_meteor.h">
      <Filter>Header Files</Filter>
    </ClInclude>
    <ClInclude Include="drivers\meteor-1.5.4\k_compat.h">
      <Filter>Header Files</Filter>
    </ClInclude>
    <ClInclude Include="drivers\meteor-1.5.4\meteor.h">
      <Filter>Header Files</Filter>
    </ClInclude>
    <ClInclude Include="drivers\meteor-1.5.4\saa71x6.h">
      <Filter>Header Files</Filter>
    </ClInclude>
    <ClInclude Include="drivers\meteor-1.5.4\examples\fgrab-0.8\fgrab_meteor-0.8.h">
      <Filter>Header Files</Filter>
    </ClInclude>
    <ClInclude Include="drivers\meteor-1.5.4\examples\vu4-color\colorDisplay.h">
      <Filter>Header Files</Filter>
    </ClInclude>
    <ClInclude Include="drivers\meteor-1.5.4\examples\vu4-color\newcolors.h">
      <Filter>Header Files</Filter>
    </ClInclude>
    <ClInclude Include="drivers\meteor-1.5.4\examples\vu4-color\translate.h">
      <Filter>Header Files</Filter>
    </ClInclude>
    <ClInclude Include="drivers\mpeg_lib-1.3.1\config.h">
      <Filter>Header Files</Filter>
    </ClInclude>
    <ClInclude Include="drivers\mpeg_lib-1.3.1\decoders.h">
      <Filter>Header Files</Filter>
    </ClInclude>
    <ClInclude Include="drivers\mpeg_lib-1.3.1\dither.h">
      <Filter>Header Files</Filter>
    </ClInclude>
    <ClInclude Include="drivers\mpeg_lib-1.3.1\fs2.h">
      <Filter>Header Files</Filter>
    </ClInclude>
    <ClInclude Include="drivers\mpeg_lib-1.3.1\fs4.h">
      <Filter>Header Files</Filter>
    </ClInclude>
    <ClInclude Include="drivers\mpeg_lib-1.3.1\globals.h">
      <Filter>Header Files</Filter>
    </ClInclude>
    <ClInclude Include="drivers\mpeg_lib-1.3.1\mpeg.h">
      <Filter>Header Files</Filter>
    </ClInclude>
    <ClInclude Include="drivers\mpeg_lib-1.3.1\my_dmalloc.h">
      <Filter>Header Files</Filter>
    </ClInclude>
    <ClInclude Include="drivers\mpeg_lib-1.3.1\proto.h">
      <Filter>Header Files</Filter>
    </ClInclude>
    <ClInclude Include="drivers\mpeg_lib-1.3.1\util.h">
      <Filter>Header Files</Filter>
    </ClInclude>
    <ClInclude Include="drivers\mpeg_lib-1.3.1\video.h">
      <Filter>Header Files</Filter>
    </ClInclude>
    <ClInclude Include="drivers\tiff-v3.5.5\port.h">
      <Filter>Header Files</Filter>
    </ClInclude>
    <ClInclude Include="drivers\tiff-v3.5.5\t4.h">
      <Filter>Header Files</Filter>
    </ClInclude>
    <ClInclude Include="drivers\tiff-v3.5.5\tiff.h">
      <Filter>Header Files</Filter>
    </ClInclude>
    <ClInclude Include="drivers\tiff-v3.5.5\tiffcomp.h">
      <Filter>Header Files</Filter>
    </ClInclude>
    <ClInclude Include="drivers\tiff-v3.5.5\tiffconf.h">
      <Filter>Header Files</Filter>
    </ClInclude>
    <ClInclude Include="drivers\tiff-v3.5.5\tiffio.h">
      <Filter>Header Files</Filter>
    </ClInclude>
    <ClInclude Include="drivers\tiff-v3.5.5\tiffiop.h">
      <Filter>Header Files</Filter>
    </ClInclude>
    <ClInclude Include="drivers\tiff-v3.5.5\tif_dir.h">
      <Filter>Header Files</Filter>
    </ClInclude>
    <ClInclude Include="drivers\tiff-v3.5.5\tif_fax3.h">
      <Filter>Header Files</Filter>
    </ClInclude>
    <ClInclude Include="drivers\tiff-v3.5.5\tif_predict.h">
      <Filter>Header Files</Filter>
    </ClInclude>
    <ClInclude Include="drivers\tiff-v3.5.5\uvcode.h">
      <Filter>Header Files</Filter>
    </ClInclude>
    <ClInclude Include="examples\gesture\Gesture.h">
      <Filter>Header Files</Filter>
    </ClInclude>
    <ClInclude Include="examples\pong\PongWindow.h">
      <Filter>Header Files</Filter>
    </ClInclude>
    <ClInclude Include="examples\pong2\PongSelector.h">
      <Filter>Header Files</Filter>
    </ClInclude>
    <ClInclude Include="examples\pong2\PongWindow.h">
      <Filter>Header Files</Filter>
    </ClInclude>
    <ClInclude Include="examples\xcalc\HCISelector.h">
      <Filter>Header Files</Filter>
    </ClInclude>
    <ClInclude Include="examples\xcalc\HCIWindow.h">
      <Filter>Header Files</Filter>
    </ClInclude>
    <ClInclude Include="examples\xcalc\prototypes.h">
      <Filter>Header Files</Filter>
    </ClInclude>
    <ClInclude Include="examples\xgest\Gesture.h">
      <Filter>Header Files</Filter>
    </ClInclude>
    <ClInclude Include="examples\xgest\HCISelector.h">
      <Filter>Header Files</Filter>
    </ClInclude>
    <ClInclude Include="examples\xgest\HCIWindow.h">
      <Filter>Header Files</Filter>
    </ClInclude>
    <ClInclude Include="examples\xgest\prototypes.h">
      <Filter>Header Files</Filter>
    </ClInclude>
    <ClInclude Include="examples\xman\Gesture.h">
      <Filter>Header Files</Filter>
    </ClInclude>
    <ClInclude Include="examples\xman\HCISelector.h">
      <Filter>Header Files</Filter>
    </ClInclude>
    <ClInclude Include="examples\xman\HCIWindow.h">
      <Filter>Header Files</Filter>
    </ClInclude>
    <ClInclude Include="examples\xman\prototypes.h">
      <Filter>Header Files</Filter>
    </ClInclude>
    <ClInclude Include="frp\Behavior.h">
      <Filter>Header Files</Filter>
    </ClInclude>
    <ClInclude Include="frp\Collectable.h">
      <Filter>Header Files</Filter>
    </ClInclude>
    <ClInclude Include="frp\Event.h">
      <Filter>Header Files</Filter>
    </ClInclude>
    <ClInclude Include="frp\Functoid.h">
      <Filter>Header Files</Filter>
    </ClInclude>
    <ClInclude Include="frp\Image.h">
      <Filter>Header Files</Filter>
    </ClInclude>
    <ClInclude Include="frp\Lambda.h">
      <Filter>Header Files</Filter>
    </ClInclude>
    <ClInclude Include="frp\Nclient.h">
      <Filter>Header Files</Filter>
    </ClInclude>
    <ClInclude Include="frp\NoCollectable.h">
      <Filter>Header Files</Filter>
    </ClInclude>
    <ClInclude Include="frp\Scout.h">
      <Filter>Header Files</Filter>
    </ClInclude>
    <ClInclude Include="frp\Task.h">
      <Filter>Header Files</Filter>
    </ClInclude>
    <ClInclude Include="frp\Track.h">
      <Filter>Header Files</Filter>
    </ClInclude>
    <ClInclude Include="images\XVColorImage.h">
      <Filter>Header Files</Filter>
    </ClInclude>
    <ClInclude Include="images\XVImageBase.h">
      <Filter>Header Files</Filter>
    </ClInclude>
    <ClInclude Include="images\XVImageHSI.h">
      <Filter>Header Files</Filter>
    </ClInclude>
    <ClInclude Include="images\XVImageHSV.h">
      <Filter>Header Files</Filter>
    </ClInclude>
    <ClInclude Include="images\XVImageIO.h">
      <Filter>Header Files</Filter>
    </ClInclude>
    <ClInclude Include="images\XVImageIterator.h">
      <Filter>Header Files</Filter>
    </ClInclude>
    <ClInclude Include="images\XVImageRGB.h">
      <Filter>Header Files</Filter>
    </ClInclude>
    <ClInclude Include="images\XVImageScalar.h">
      <Filter>Header Files</Filter>
    </ClInclude>
    <ClInclude Include="images\XVImageYCbCr.h">
      <Filter>Header Files</Filter>
    </ClInclude>
    <ClInclude Include="images\XVImageYUV.h">
      <Filter>Header Files</Filter>
    </ClInclude>
    <ClInclude Include="images\XVImageYUV422.h">
      <Filter>Header Files</Filter>
    </ClInclude>
    <ClInclude Include="images\XVMaskedImage.h">
      <Filter>Header Files</Filter>
    </ClInclude>
    <ClInclude Include="images\XVPixel.h">
      <Filter>Header Files</Filter>
    </ClInclude>
    <ClInclude Include="segmentation\XVColorSeg.h">
      <Filter>Header Files</Filter>
    </ClInclude>
    <ClInclude Include="segmentation\XVMotionSeg.h">
      <Filter>Header Files</Filter>
    </ClInclude>
    <ClInclude Include="segmentation\XVScalarSeg.h">
      <Filter>Header Files</Filter>
    </ClInclude>
    <ClInclude Include="segmentation\XVSegmentation.h">
      <Filter>Header Files</Filter>
    </ClInclude>
    <ClInclude Include="tools\camera_config.h">
      <Filter>Header Files</Filter>
    </ClInclude>
    <ClInclude Include="tools\Stereo.h">
      <Filter>Header Files</Filter>
    </ClInclude>
    <ClInclude Include="tools\XVAffineWarp.h">
      <Filter>Header Files</Filter>
    </ClInclude>
    <ClInclude Include="tools\XVException.h">
      <Filter>Header Files</Filter>
    </ClInclude>
    <ClInclude Include="tools\XVGeometry.h">
      <Filter>Header Files</Filter>
    </ClInclude>
    <ClInclude Include="tools\XVList.h">
      <Filter>Header Files</Filter>
    </ClInclude>
    <ClInclude Include="tools\XVLookupTable.h">
      <Filter>Header Files</Filter>
    </ClInclude>
    <ClInclude Include="tools\XVMacros.h">
      <Filter>Header Files</Filter>
    </ClInclude>
    <ClInclude Include="tools\XVMatrix.h">
      <Filter>Header Files</Filter>
    </ClInclude>
    <ClInclude Include="tools\XVOmniWarper.h">
      <Filter>Header Files</Filter>
    </ClInclude>
    <ClInclude Include="tools\XVRectRaster.h">
      <Filter>Header Files</Filter>
    </ClInclude>
    <ClInclude Include="tools\XVStereoRectify.h">
      <Filter>Header Files</Filter>
    </ClInclude>
    <ClInclude Include="tools\XVStereoRectifyTypes.h">
      <Filter>Header Files</Filter>
    </ClInclude>
    <ClInclude Include="tools\XVTools.h">
      <Filter>Header Files</Filter>
    </ClInclude>
    <ClInclude Include="tracking\XVFeature.h">
      <Filter>Header Files</Filter>
    </ClInclude>
    <ClInclude Include="tracking\XVGroupTracker.h">
      <Filter>Header Files</Filter>
    </ClInclude>
    <ClInclude Include="tracking\XVTracker.h">
      <Filter>Header Files</Filter>
    </ClInclude>
    <ClInclude Include="tracking\blobs\XVBlobFeature.h">
      <Filter>Header Files</Filter>
    </ClInclude>
    <ClInclude Include="tracking\blobs\XVBlobs.h">
      <Filter>Header Files</Filter>
    </ClInclude>
    <ClInclude Include="tracking\edges\XVEdgeFeature.h">
      <Filter>Header Files</Filter>
    </ClInclude>
    <ClInclude Include="tracking\edges\XVPattern.h">
      <Filter>Header Files</Filter>
    </ClInclude>
    <ClInclude Include="tracking\ssd\XVSSD.h">
      <Filter>Header Files</Filter>
    </ClInclude>
  </ItemGroup>
  <ItemGroup>
    <None Include="drivers\meteor-1.5.4\meteorman.html" />
  </ItemGroup>
</Project>